
Microsoft Visual Studio Solution File, Format Version 12.00
# Visual Studio Version 17
VisualStudioVersion = 17.8.34309.116
MinimumVisualStudioVersion = 10.0.40219.1
Project("{9A19103F-16F7-4668-BE54-9A1E7A4F7556}") = "TodoList", "TodoList\TodoList.csproj", "{40645C3B-E09B-4EAB-8E2D-0BBB4412F427}"
EndProject
Project("{FAE04EC0-301F-11D3-BF4B-00C04F79EFBC}") = "BookStore", "BookStore\BookStore.csproj", "{6ED9D3D5-A451-408F-80C1-964C3C6F79F1}"
EndProject
Global
	GlobalSection(SolutionConfigurationPlatforms) = preSolution
		Debug|Any CPU = Debug|Any CPU
		Release|Any CPU = Release|Any CPU
	EndGlobalSection
	GlobalSection(ProjectConfigurationPlatforms) = postSolution
		{40645C3B-E09B-4EAB-8E2D-0BBB4412F427}.Debug|Any CPU.ActiveCfg = Debug|Any CPU
		{40645C3B-E09B-4EAB-8E2D-0BBB4412F427}.Debug|Any CPU.Build.0 = Debug|Any CPU
		{40645C3B-E09B-4EAB-8E2D-0BBB4412F427}.Release|Any CPU.ActiveCfg = Release|Any CPU
		{40645C3B-E09B-4EAB-8E2D-0BBB4412F427}.Release|Any CPU.Build.0 = Release|Any CPU
		{6ED9D3D5-A451-408F-80C1-964C3C6F79F1}.Debug|Any CPU.ActiveCfg = Debug|Any CPU
		{6ED9D3D5-A451-408F-80C1-964C3C6F79F1}.Debug|Any CPU.Build.0 = Debug|Any CPU
		{6ED9D3D5-A451-408F-80C1-964C3C6F79F1}.Release|Any CPU.ActiveCfg = Release|Any CPU
		{6ED9D3D5-A451-408F-80C1-964C3C6F79F1}.Release|Any CPU.Build.0 = Release|Any CPU
	EndGlobalSection
	GlobalSection(SolutionProperties) = preSolution
		HideSolutionNode = FALSE
	EndGlobalSection
	GlobalSection(ExtensibilityGlobals) = postSolution
		SolutionGuid = {D8BEB8F0-A93A-45CD-98EB-10A23C9EF2CB}
	EndGlobalSection
EndGlobal
